
Microsoft Visual Studio Solution File, Format Version 12.00
# Visual Studio Version 17
VisualStudioVersion = 17.8.34330.188
MinimumVisualStudioVersion = 10.0.40219.1
Project("{FAE04EC0-301F-11D3-BF4B-00C04F79EFBC}") = "GamesApi.Api", "GamesApi\GamesApi.Api.csproj", "{8AD3AB39-F1AD-4D70-B89C-D42B6C2E40AC}"
EndProject
Project("{FAE04EC0-301F-11D3-BF4B-00C04F79EFBC}") = "GamesApi.Core", "GamesApi.Core\GamesApi.Core.csproj", "{2D8EABA6-D88F-43A7-9786-9428C236D5EC}"
EndProject
Project("{FAE04EC0-301F-11D3-BF4B-00C04F79EFBC}") = "GamesApi.EF", "GamesApi.EF\GamesApi.EF.csproj", "{0E85FB54-82A2-4350-B324-DB77B78AE02C}"
EndProject
Global
	GlobalSection(SolutionConfigurationPlatforms) = preSolution
		Debug|Any CPU = Debug|Any CPU
		Release|Any CPU = Release|Any CPU
	EndGlobalSection
	GlobalSection(ProjectConfigurationPlatforms) = postSolution
		{8AD3AB39-F1AD-4D70-B89C-D42B6C2E40AC}.Debug|Any CPU.ActiveCfg = Debug|Any CPU
		{8AD3AB39-F1AD-4D70-B89C-D42B6C2E40AC}.Debug|Any CPU.Build.0 = Debug|Any CPU
		{8AD3AB39-F1AD-4D70-B89C-D42B6C2E40AC}.Release|Any CPU.ActiveCfg = Release|Any CPU
		{8AD3AB39-F1AD-4D70-B89C-D42B6C2E40AC}.Release|Any CPU.Build.0 = Release|Any CPU
		{2D8EABA6-D88F-43A7-9786-9428C236D5EC}.Debug|Any CPU.ActiveCfg = Debug|Any CPU
		{2D8EABA6-D88F-43A7-9786-9428C236D5EC}.Debug|Any CPU.Build.0 = Debug|Any CPU
		{2D8EABA6-D88F-43A7-9786-9428C236D5EC}.Release|Any CPU.ActiveCfg = Release|Any CPU
		{2D8EABA6-D88F-43A7-9786-9428C236D5EC}.Release|Any CPU.Build.0 = Release|Any CPU
		{0E85FB54-82A2-4350-B324-DB77B78AE02C}.Debug|Any CPU.ActiveCfg = Debug|Any CPU
		{0E85FB54-82A2-4350-B324-DB77B78AE02C}.Debug|Any CPU.Build.0 = Debug|Any CPU
		{0E85FB54-82A2-4350-B324-DB77B78AE02C}.Release|Any CPU.ActiveCfg = Release|Any CPU
		{0E85FB54-82A2-4350-B324-DB77B78AE02C}.Release|Any CPU.Build.0 = Release|Any CPU
	EndGlobalSection
	GlobalSection(SolutionProperties) = preSolution
		HideSolutionNode = FALSE
	EndGlobalSection
	GlobalSection(ExtensibilityGlobals) = postSolution
		SolutionGuid = {135BA0A7-623F-45B1-B2C0-8AC07836C8FE}
	EndGlobalSection
EndGlobal
